// !$*UTF8*$!
{
	archiveVersion = 1;
	classes = {
	};
	objectVersion = 46;
	objects = {

/* Begin PBXBuildFile section */
		50CBAF009903D7DE672D69FC /* libPods-AzureProject.a in Frameworks */ = {isa = PBXBuildFile; fileRef = 4FF0272F5974D744C69EDD7E /* libPods-AzureProject.a */; };
		A842AE471E23EF7900C9D317 /* main.m in Sources */ = {isa = PBXBuildFile; fileRef = A842AE461E23EF7900C9D317 /* main.m */; };
		A842AE4A1E23EF7900C9D317 /* AppDelegate.m in Sources */ = {isa = PBXBuildFile; fileRef = A842AE491E23EF7900C9D317 /* AppDelegate.m */; };
		A842AE4D1E23EF7900C9D317 /* LoginVC.m in Sources */ = {isa = PBXBuildFile; fileRef = A842AE4C1E23EF7900C9D317 /* LoginVC.m */; };
		A842AE501E23EF7900C9D317 /* Main.storyboard in Resources */ = {isa = PBXBuildFile; fileRef = A842AE4E1E23EF7900C9D317 /* Main.storyboard */; };
		A842AE551E23EF7900C9D317 /* Assets.xcassets in Resources */ = {isa = PBXBuildFile; fileRef = A842AE541E23EF7900C9D317 /* Assets.xcassets */; };
		A842AE581E23EF7900C9D317 /* LaunchScreen.storyboard in Resources */ = {isa = PBXBuildFile; fileRef = A842AE561E23EF7900C9D317 /* LaunchScreen.storyboard */; };
		A842AE601E23EFAC00C9D317 /* MicrosoftAzureMobile.framework in Frameworks */ = {isa = PBXBuildFile; fileRef = A842AE5F1E23EFAC00C9D317 /* MicrosoftAzureMobile.framework */; };
		A842AE6C1E23F83000C9D317 /* WebKit.framework in Frameworks */ = {isa = PBXBuildFile; fileRef = A842AE6B1E23F83000C9D317 /* WebKit.framework */; };
		A842AE6F1E24256B00C9D317 /* RegisterVC.m in Sources */ = {isa = PBXBuildFile; fileRef = A842AE6E1E24256B00C9D317 /* RegisterVC.m */; };
		A8555FD11E25427800761A43 /* BaseVC.m in Sources */ = {isa = PBXBuildFile; fileRef = A8555FD01E25427800761A43 /* BaseVC.m */; };
		A8555FD41E25434400761A43 /* SideMenuVC.m in Sources */ = {isa = PBXBuildFile; fileRef = A8555FD31E25434400761A43 /* SideMenuVC.m */; };
		A8555FDE1E25491000761A43 /* LGSideMenuController.m in Sources */ = {isa = PBXBuildFile; fileRef = A8555FD71E25491000761A43 /* LGSideMenuController.m */; };
		A8555FDF1E25491000761A43 /* LGSideMenuControllerGesturesHandler.m in Sources */ = {isa = PBXBuildFile; fileRef = A8555FD91E25491000761A43 /* LGSideMenuControllerGesturesHandler.m */; };
		A8555FE01E25491000761A43 /* LGSideMenuView.m in Sources */ = {isa = PBXBuildFile; fileRef = A8555FDB1E25491000761A43 /* LGSideMenuView.m */; };
		A8555FE11E25491000761A43 /* UIViewController+LGSideMenuController.m in Sources */ = {isa = PBXBuildFile; fileRef = A8555FDD1E25491000761A43 /* UIViewController+LGSideMenuController.m */; };
		A8555FE41E2556F100761A43 /* BanksVC.m in Sources */ = {isa = PBXBuildFile; fileRef = A8555FE31E2556F100761A43 /* BanksVC.m */; };
		A8B861991E25820C00AB7A38 /* CustomCollectionViewLayout.m in Sources */ = {isa = PBXBuildFile; fileRef = A8B861981E25820C00AB7A38 /* CustomCollectionViewLayout.m */; };
		A8B8619C1E2582A200AB7A38 /* OffersVC.m in Sources */ = {isa = PBXBuildFile; fileRef = A8B8619B1E2582A200AB7A38 /* OffersVC.m */; };
		A8B861A11E2586DC00AB7A38 /* ContentCollectionViewCell.m in Sources */ = {isa = PBXBuildFile; fileRef = A8B8619F1E2586DC00AB7A38 /* ContentCollectionViewCell.m */; };
		A8B861A21E2586DC00AB7A38 /* ContentCollectionViewCell.xib in Resources */ = {isa = PBXBuildFile; fileRef = A8B861A01E2586DC00AB7A38 /* ContentCollectionViewCell.xib */; };
		A8B861A91E25ACDF00AB7A38 /* NSDictionary+ParseData.m in Sources */ = {isa = PBXBuildFile; fileRef = A8B861A81E25ACDF00AB7A38 /* NSDictionary+ParseData.m */; };
		A8B861AC1E25C5AF00AB7A38 /* QuickCalcVC.m in Sources */ = {isa = PBXBuildFile; fileRef = A8B861AB1E25C5AF00AB7A38 /* QuickCalcVC.m */; };
		A8B861B21E25E66200AB7A38 /* SmartView.m in Sources */ = {isa = PBXBuildFile; fileRef = A8B861B11E25E66200AB7A38 /* SmartView.m */; };
		A8B861B81E27044500AB7A38 /* CreateDepositVC.m in Sources */ = {isa = PBXBuildFile; fileRef = A8B861B71E27044500AB7A38 /* CreateDepositVC.m */; };
		A8B861BB1E2724AF00AB7A38 /* AlertController.m in Sources */ = {isa = PBXBuildFile; fileRef = A8B861BA1E2724AF00AB7A38 /* AlertController.m */; };
		A8F488051E30B62500048B64 /* MyDepositsVC.m in Sources */ = {isa = PBXBuildFile; fileRef = A8F488041E30B62500048B64 /* MyDepositsVC.m */; };
		A8F488081E30C14000048B64 /* DepositVC.m in Sources */ = {isa = PBXBuildFile; fileRef = A8F488071E30C14000048B64 /* DepositVC.m */; };
		A8F488371E32407800048B64 /* ServerManagerV2.m in Sources */ = {isa = PBXBuildFile; fileRef = A8F488361E32407800048B64 /* ServerManagerV2.m */; };
		A8F488DF1E327D6D00048B64 /* User+CoreDataProperties.m in Sources */ = {isa = PBXBuildFile; fileRef = A8F488DD1E327D6D00048B64 /* User+CoreDataProperties.m */; };
		A8F488ED1E327D9200048B64 /* Offer+CoreDataProperties.m in Sources */ = {isa = PBXBuildFile; fileRef = A8F488E31E327D9200048B64 /* Offer+CoreDataProperties.m */; };
		A8F488EF1E327D9200048B64 /* Account+CoreDataProperties.m in Sources */ = {isa = PBXBuildFile; fileRef = A8F488E71E327D9200048B64 /* Account+CoreDataProperties.m */; };
		A8F488F11E327D9200048B64 /* Bank+CoreDataProperties.m in Sources */ = {isa = PBXBuildFile; fileRef = A8F488EB1E327D9200048B64 /* Bank+CoreDataProperties.m */; };
		A8F488F21E32A4AC00048B64 /* User+CoreDataClass.m in Sources */ = {isa = PBXBuildFile; fileRef = A8F488DB1E327D6D00048B64 /* User+CoreDataClass.m */; };
		A8F488F31E32A56F00048B64 /* Offer+CoreDataClass.m in Sources */ = {isa = PBXBuildFile; fileRef = A8F488E11E327D9200048B64 /* Offer+CoreDataClass.m */; };
		A8F488F41E32A56F00048B64 /* Account+CoreDataClass.m in Sources */ = {isa = PBXBuildFile; fileRef = A8F488E51E327D9200048B64 /* Account+CoreDataClass.m */; };
		A8F488F51E32A56F00048B64 /* Bank+CoreDataClass.m in Sources */ = {isa = PBXBuildFile; fileRef = A8F488E91E327D9200048B64 /* Bank+CoreDataClass.m */; };
		A8F488F81E32CF5600048B64 /* BankDetailVC.m in Sources */ = {isa = PBXBuildFile; fileRef = A8F488F71E32CF5600048B64 /* BankDetailVC.m */; };
/* End PBXBuildFile section */

/* Begin PBXFileReference section */
		3A7E54BF9F370932730CF193 /* Pods-AzureProject.debug.xcconfig */ = {isa = PBXFileReference; includeInIndex = 1; lastKnownFileType = text.xcconfig; name = "Pods-AzureProject.debug.xcconfig"; path = "Pods/Target Support Files/Pods-AzureProject/Pods-AzureProject.debug.xcconfig"; sourceTree = "<group>"; };
		4AE5987F6D9CE4E3F4E3CCF4 /* Pods-AzureProject.release.xcconfig */ = {isa = PBXFileReference; includeInIndex = 1; lastKnownFileType = text.xcconfig; name = "Pods-AzureProject.release.xcconfig"; path = "Pods/Target Support Files/Pods-AzureProject/Pods-AzureProject.release.xcconfig"; sourceTree = "<group>"; };
		4FF0272F5974D744C69EDD7E /* libPods-AzureProject.a */ = {isa = PBXFileReference; explicitFileType = archive.ar; includeInIndex = 0; path = "libPods-AzureProject.a"; sourceTree = BUILT_PRODUCTS_DIR; };
		A842AE421E23EF7900C9D317 /* AzureProject.app */ = {isa = PBXFileReference; explicitFileType = wrapper.application; includeInIndex = 0; path = AzureProject.app; sourceTree = BUILT_PRODUCTS_DIR; };
		A842AE461E23EF7900C9D317 /* main.m */ = {isa = PBXFileReference; lastKnownFileType = sourcecode.c.objc; path = main.m; sourceTree = "<group>"; };
		A842AE481E23EF7900C9D317 /* AppDelegate.h */ = {isa = PBXFileReference; lastKnownFileType = sourcecode.c.h; path = AppDelegate.h; sourceTree = "<group>"; };
		A842AE491E23EF7900C9D317 /* AppDelegate.m */ = {isa = PBXFileReference; lastKnownFileType = sourcecode.c.objc; path = AppDelegate.m; sourceTree = "<group>"; };
		A842AE4B1E23EF7900C9D317 /* LoginVC.h */ = {isa = PBXFileReference; lastKnownFileType = sourcecode.c.h; path = LoginVC.h; sourceTree = "<group>"; };
		A842AE4C1E23EF7900C9D317 /* LoginVC.m */ = {isa = PBXFileReference; lastKnownFileType = sourcecode.c.objc; path = LoginVC.m; sourceTree = "<group>"; };
		A842AE4F1E23EF7900C9D317 /* Base */ = {isa = PBXFileReference; lastKnownFileType = file.storyboard; name = Base; path = Base.lproj/Main.storyboard; sourceTree = "<group>"; };
		A842AE521E23EF7900C9D317 /* AzureProject.xcdatamodel */ = {isa = PBXFileReference; lastKnownFileType = wrapper.xcdatamodel; path = AzureProject.xcdatamodel; sourceTree = "<group>"; };
		A842AE541E23EF7900C9D317 /* Assets.xcassets */ = {isa = PBXFileReference; lastKnownFileType = folder.assetcatalog; path = Assets.xcassets; sourceTree = "<group>"; };
		A842AE571E23EF7900C9D317 /* Base */ = {isa = PBXFileReference; lastKnownFileType = file.storyboard; name = Base; path = Base.lproj/LaunchScreen.storyboard; sourceTree = "<group>"; };
		A842AE591E23EF7900C9D317 /* Info.plist */ = {isa = PBXFileReference; lastKnownFileType = text.plist.xml; path = Info.plist; sourceTree = "<group>"; };
		A842AE5F1E23EFAC00C9D317 /* MicrosoftAzureMobile.framework */ = {isa = PBXFileReference; lastKnownFileType = wrapper.framework; path = MicrosoftAzureMobile.framework; sourceTree = "<group>"; };
		A842AE6B1E23F83000C9D317 /* WebKit.framework */ = {isa = PBXFileReference; lastKnownFileType = wrapper.framework; name = WebKit.framework; path = System/Library/Frameworks/WebKit.framework; sourceTree = SDKROOT; };
		A842AE6D1E24256B00C9D317 /* RegisterVC.h */ = {isa = PBXFileReference; fileEncoding = 4; lastKnownFileType = sourcecode.c.h; path = RegisterVC.h; sourceTree = "<group>"; };
		A842AE6E1E24256B00C9D317 /* RegisterVC.m */ = {isa = PBXFileReference; fileEncoding = 4; lastKnownFileType = sourcecode.c.objc; path = RegisterVC.m; sourceTree = "<group>"; };
		A8555FCF1E25427800761A43 /* BaseVC.h */ = {isa = PBXFileReference; fileEncoding = 4; lastKnownFileType = sourcecode.c.h; path = BaseVC.h; sourceTree = "<group>"; };
		A8555FD01E25427800761A43 /* BaseVC.m */ = {isa = PBXFileReference; fileEncoding = 4; lastKnownFileType = sourcecode.c.objc; path = BaseVC.m; sourceTree = "<group>"; };
		A8555FD21E25434400761A43 /* SideMenuVC.h */ = {isa = PBXFileReference; fileEncoding = 4; lastKnownFileType = sourcecode.c.h; path = SideMenuVC.h; sourceTree = "<group>"; };
		A8555FD31E25434400761A43 /* SideMenuVC.m */ = {isa = PBXFileReference; fileEncoding = 4; lastKnownFileType = sourcecode.c.objc; path = SideMenuVC.m; sourceTree = "<group>"; };
		A8555FD61E25491000761A43 /* LGSideMenuController.h */ = {isa = PBXFileReference; fileEncoding = 4; lastKnownFileType = sourcecode.c.h; path = LGSideMenuController.h; sourceTree = "<group>"; };
		A8555FD71E25491000761A43 /* LGSideMenuController.m */ = {isa = PBXFileReference; fileEncoding = 4; lastKnownFileType = sourcecode.c.objc; path = LGSideMenuController.m; sourceTree = "<group>"; };
		A8555FD81E25491000761A43 /* LGSideMenuControllerGesturesHandler.h */ = {isa = PBXFileReference; fileEncoding = 4; lastKnownFileType = sourcecode.c.h; path = LGSideMenuControllerGesturesHandler.h; sourceTree = "<group>"; };
		A8555FD91E25491000761A43 /* LGSideMenuControllerGesturesHandler.m */ = {isa = PBXFileReference; fileEncoding = 4; lastKnownFileType = sourcecode.c.objc; path = LGSideMenuControllerGesturesHandler.m; sourceTree = "<group>"; };
		A8555FDA1E25491000761A43 /* LGSideMenuView.h */ = {isa = PBXFileReference; fileEncoding = 4; lastKnownFileType = sourcecode.c.h; path = LGSideMenuView.h; sourceTree = "<group>"; };
		A8555FDB1E25491000761A43 /* LGSideMenuView.m */ = {isa = PBXFileReference; fileEncoding = 4; lastKnownFileType = sourcecode.c.objc; path = LGSideMenuView.m; sourceTree = "<group>"; };
		A8555FDC1E25491000761A43 /* UIViewController+LGSideMenuController.h */ = {isa = PBXFileReference; fileEncoding = 4; lastKnownFileType = sourcecode.c.h; path = "UIViewController+LGSideMenuController.h"; sourceTree = "<group>"; };
		A8555FDD1E25491000761A43 /* UIViewController+LGSideMenuController.m */ = {isa = PBXFileReference; fileEncoding = 4; lastKnownFileType = sourcecode.c.objc; path = "UIViewController+LGSideMenuController.m"; sourceTree = "<group>"; };
		A8555FE21E2556F100761A43 /* BanksVC.h */ = {isa = PBXFileReference; fileEncoding = 4; lastKnownFileType = sourcecode.c.h; path = BanksVC.h; sourceTree = "<group>"; };
		A8555FE31E2556F100761A43 /* BanksVC.m */ = {isa = PBXFileReference; fileEncoding = 4; lastKnownFileType = sourcecode.c.objc; path = BanksVC.m; sourceTree = "<group>"; };
		A8B861971E25820C00AB7A38 /* CustomCollectionViewLayout.h */ = {isa = PBXFileReference; fileEncoding = 4; lastKnownFileType = sourcecode.c.h; path = CustomCollectionViewLayout.h; sourceTree = "<group>"; };
		A8B861981E25820C00AB7A38 /* CustomCollectionViewLayout.m */ = {isa = PBXFileReference; fileEncoding = 4; lastKnownFileType = sourcecode.c.objc; path = CustomCollectionViewLayout.m; sourceTree = "<group>"; };
		A8B8619A1E2582A200AB7A38 /* OffersVC.h */ = {isa = PBXFileReference; fileEncoding = 4; lastKnownFileType = sourcecode.c.h; path = OffersVC.h; sourceTree = "<group>"; };
		A8B8619B1E2582A200AB7A38 /* OffersVC.m */ = {isa = PBXFileReference; fileEncoding = 4; lastKnownFileType = sourcecode.c.objc; path = OffersVC.m; sourceTree = "<group>"; };
		A8B8619E1E2586DC00AB7A38 /* ContentCollectionViewCell.h */ = {isa = PBXFileReference; fileEncoding = 4; lastKnownFileType = sourcecode.c.h; path = ContentCollectionViewCell.h; sourceTree = "<group>"; };
		A8B8619F1E2586DC00AB7A38 /* ContentCollectionViewCell.m */ = {isa = PBXFileReference; fileEncoding = 4; lastKnownFileType = sourcecode.c.objc; path = ContentCollectionViewCell.m; sourceTree = "<group>"; };
		A8B861A01E2586DC00AB7A38 /* ContentCollectionViewCell.xib */ = {isa = PBXFileReference; fileEncoding = 4; lastKnownFileType = file.xib; path = ContentCollectionViewCell.xib; sourceTree = "<group>"; };
		A8B861A71E25ACDF00AB7A38 /* NSDictionary+ParseData.h */ = {isa = PBXFileReference; fileEncoding = 4; lastKnownFileType = sourcecode.c.h; path = "NSDictionary+ParseData.h"; sourceTree = "<group>"; };
		A8B861A81E25ACDF00AB7A38 /* NSDictionary+ParseData.m */ = {isa = PBXFileReference; fileEncoding = 4; lastKnownFileType = sourcecode.c.objc; path = "NSDictionary+ParseData.m"; sourceTree = "<group>"; };
		A8B861AA1E25C5AF00AB7A38 /* QuickCalcVC.h */ = {isa = PBXFileReference; fileEncoding = 4; lastKnownFileType = sourcecode.c.h; path = QuickCalcVC.h; sourceTree = "<group>"; };
		A8B861AB1E25C5AF00AB7A38 /* QuickCalcVC.m */ = {isa = PBXFileReference; fileEncoding = 4; lastKnownFileType = sourcecode.c.objc; path = QuickCalcVC.m; sourceTree = "<group>"; };
		A8B861B01E25E66200AB7A38 /* SmartView.h */ = {isa = PBXFileReference; fileEncoding = 4; lastKnownFileType = sourcecode.c.h; path = SmartView.h; sourceTree = "<group>"; };
		A8B861B11E25E66200AB7A38 /* SmartView.m */ = {isa = PBXFileReference; fileEncoding = 4; lastKnownFileType = sourcecode.c.objc; path = SmartView.m; sourceTree = "<group>"; };
		A8B861B51E2619DF00AB7A38 /* MenuActionDelegate.h */ = {isa = PBXFileReference; fileEncoding = 4; lastKnownFileType = sourcecode.c.h; path = MenuActionDelegate.h; sourceTree = "<group>"; };
		A8B861B61E27044500AB7A38 /* CreateDepositVC.h */ = {isa = PBXFileReference; fileEncoding = 4; lastKnownFileType = sourcecode.c.h; path = CreateDepositVC.h; sourceTree = "<group>"; };
		A8B861B71E27044500AB7A38 /* CreateDepositVC.m */ = {isa = PBXFileReference; fileEncoding = 4; lastKnownFileType = sourcecode.c.objc; path = CreateDepositVC.m; sourceTree = "<group>"; };
		A8B861B91E2724AF00AB7A38 /* AlertController.h */ = {isa = PBXFileReference; fileEncoding = 4; lastKnownFileType = sourcecode.c.h; path = AlertController.h; sourceTree = "<group>"; };
		A8B861BA1E2724AF00AB7A38 /* AlertController.m */ = {isa = PBXFileReference; fileEncoding = 4; lastKnownFileType = sourcecode.c.objc; path = AlertController.m; sourceTree = "<group>"; };
		A8F488031E30B62500048B64 /* MyDepositsVC.h */ = {isa = PBXFileReference; fileEncoding = 4; lastKnownFileType = sourcecode.c.h; path = MyDepositsVC.h; sourceTree = "<group>"; };
		A8F488041E30B62500048B64 /* MyDepositsVC.m */ = {isa = PBXFileReference; fileEncoding = 4; lastKnownFileType = sourcecode.c.objc; path = MyDepositsVC.m; sourceTree = "<group>"; };
		A8F488061E30C14000048B64 /* DepositVC.h */ = {isa = PBXFileReference; fileEncoding = 4; lastKnownFileType = sourcecode.c.h; path = DepositVC.h; sourceTree = "<group>"; };
		A8F488071E30C14000048B64 /* DepositVC.m */ = {isa = PBXFileReference; fileEncoding = 4; lastKnownFileType = sourcecode.c.objc; path = DepositVC.m; sourceTree = "<group>"; };
		A8F488351E32407800048B64 /* ServerManagerV2.h */ = {isa = PBXFileReference; fileEncoding = 4; lastKnownFileType = sourcecode.c.h; path = ServerManagerV2.h; sourceTree = "<group>"; };
		A8F488361E32407800048B64 /* ServerManagerV2.m */ = {isa = PBXFileReference; fileEncoding = 4; lastKnownFileType = sourcecode.c.objc; path = ServerManagerV2.m; sourceTree = "<group>"; };
		A8F488DA1E327D6D00048B64 /* User+CoreDataClass.h */ = {isa = PBXFileReference; fileEncoding = 4; lastKnownFileType = sourcecode.c.h; path = "User+CoreDataClass.h"; sourceTree = "<group>"; };
		A8F488DB1E327D6D00048B64 /* User+CoreDataClass.m */ = {isa = PBXFileReference; fileEncoding = 4; lastKnownFileType = sourcecode.c.objc; path = "User+CoreDataClass.m"; sourceTree = "<group>"; };
		A8F488DC1E327D6D00048B64 /* User+CoreDataProperties.h */ = {isa = PBXFileReference; fileEncoding = 4; lastKnownFileType = sourcecode.c.h; path = "User+CoreDataProperties.h"; sourceTree = "<group>"; };
		A8F488DD1E327D6D00048B64 /* User+CoreDataProperties.m */ = {isa = PBXFileReference; fileEncoding = 4; lastKnownFileType = sourcecode.c.objc; path = "User+CoreDataProperties.m"; sourceTree = "<group>"; };
		A8F488E01E327D9200048B64 /* Offer+CoreDataClass.h */ = {isa = PBXFileReference; fileEncoding = 4; lastKnownFileType = sourcecode.c.h; path = "Offer+CoreDataClass.h"; sourceTree = "<group>"; };
		A8F488E11E327D9200048B64 /* Offer+CoreDataClass.m */ = {isa = PBXFileReference; fileEncoding = 4; lastKnownFileType = sourcecode.c.objc; path = "Offer+CoreDataClass.m"; sourceTree = "<group>"; };
		A8F488E21E327D9200048B64 /* Offer+CoreDataProperties.h */ = {isa = PBXFileReference; fileEncoding = 4; lastKnownFileType = sourcecode.c.h; path = "Offer+CoreDataProperties.h"; sourceTree = "<group>"; };
		A8F488E31E327D9200048B64 /* Offer+CoreDataProperties.m */ = {isa = PBXFileReference; fileEncoding = 4; lastKnownFileType = sourcecode.c.objc; path = "Offer+CoreDataProperties.m"; sourceTree = "<group>"; };
		A8F488E41E327D9200048B64 /* Account+CoreDataClass.h */ = {isa = PBXFileReference; fileEncoding = 4; lastKnownFileType = sourcecode.c.h; path = "Account+CoreDataClass.h"; sourceTree = "<group>"; };
		A8F488E51E327D9200048B64 /* Account+CoreDataClass.m */ = {isa = PBXFileReference; fileEncoding = 4; lastKnownFileType = sourcecode.c.objc; path = "Account+CoreDataClass.m"; sourceTree = "<group>"; };
		A8F488E61E327D9200048B64 /* Account+CoreDataProperties.h */ = {isa = PBXFileReference; fileEncoding = 4; lastKnownFileType = sourcecode.c.h; path = "Account+CoreDataProperties.h"; sourceTree = "<group>"; };
		A8F488E71E327D9200048B64 /* Account+CoreDataProperties.m */ = {isa = PBXFileReference; fileEncoding = 4; lastKnownFileType = sourcecode.c.objc; path = "Account+CoreDataProperties.m"; sourceTree = "<group>"; };
		A8F488E81E327D9200048B64 /* Bank+CoreDataClass.h */ = {isa = PBXFileReference; fileEncoding = 4; lastKnownFileType = sourcecode.c.h; path = "Bank+CoreDataClass.h"; sourceTree = "<group>"; };
		A8F488E91E327D9200048B64 /* Bank+CoreDataClass.m */ = {isa = PBXFileReference; fileEncoding = 4; lastKnownFileType = sourcecode.c.objc; path = "Bank+CoreDataClass.m"; sourceTree = "<group>"; };
		A8F488EA1E327D9200048B64 /* Bank+CoreDataProperties.h */ = {isa = PBXFileReference; fileEncoding = 4; lastKnownFileType = sourcecode.c.h; path = "Bank+CoreDataProperties.h"; sourceTree = "<group>"; };
		A8F488EB1E327D9200048B64 /* Bank+CoreDataProperties.m */ = {isa = PBXFileReference; fileEncoding = 4; lastKnownFileType = sourcecode.c.objc; path = "Bank+CoreDataProperties.m"; sourceTree = "<group>"; };
		A8F488F61E32CF5600048B64 /* BankDetailVC.h */ = {isa = PBXFileReference; fileEncoding = 4; lastKnownFileType = sourcecode.c.h; path = BankDetailVC.h; sourceTree = "<group>"; };
		A8F488F71E32CF5600048B64 /* BankDetailVC.m */ = {isa = PBXFileReference; fileEncoding = 4; lastKnownFileType = sourcecode.c.objc; path = BankDetailVC.m; sourceTree = "<group>"; };
/* End PBXFileReference section */

/* Begin PBXFrameworksBuildPhase section */
		A842AE3F1E23EF7900C9D317 /* Frameworks */ = {
			isa = PBXFrameworksBuildPhase;
			buildActionMask = 2147483647;
			files = (
				A842AE6C1E23F83000C9D317 /* WebKit.framework in Frameworks */,
				A842AE601E23EFAC00C9D317 /* MicrosoftAzureMobile.framework in Frameworks */,
				50CBAF009903D7DE672D69FC /* libPods-AzureProject.a in Frameworks */,
			);
			runOnlyForDeploymentPostprocessing = 0;
		};
/* End PBXFrameworksBuildPhase section */

/* Begin PBXGroup section */
		7015EEC61D760CA0AE2B39C1 /* Pods */ = {
			isa = PBXGroup;
			children = (
				3A7E54BF9F370932730CF193 /* Pods-AzureProject.debug.xcconfig */,
				4AE5987F6D9CE4E3F4E3CCF4 /* Pods-AzureProject.release.xcconfig */,
			);
			name = Pods;
			sourceTree = "<group>";
		};
		A842AE391E23EF7900C9D317 = {
			isa = PBXGroup;
			children = (
				A842AE441E23EF7900C9D317 /* AzureProject */,
				A842AE431E23EF7900C9D317 /* Products */,
				A842AE6A1E23F83000C9D317 /* Frameworks */,
				7015EEC61D760CA0AE2B39C1 /* Pods */,
			);
			sourceTree = "<group>";
		};
		A842AE431E23EF7900C9D317 /* Products */ = {
			isa = PBXGroup;
			children = (
				A842AE421E23EF7900C9D317 /* AzureProject.app */,
			);
			name = Products;
			sourceTree = "<group>";
		};
		A842AE441E23EF7900C9D317 /* AzureProject */ = {
			isa = PBXGroup;
			children = (
				A842AE651E23F09500C9D317 /* Helpers */,
				A842AE641E23F07F00C9D317 /* ViewController */,
				A842AE661E23F13200C9D317 /* Model */,
				A8B8619D1E2586A600AB7A38 /* View */,
				A842AE4E1E23EF7900C9D317 /* Main.storyboard */,
				A842AE541E23EF7900C9D317 /* Assets.xcassets */,
				A842AE511E23EF7900C9D317 /* AzureProject.xcdatamodeld */,
				A8B861961E2581EB00AB7A38 /* Lib */,
				A842AE451E23EF7900C9D317 /* Supporting Files */,
			);
			path = AzureProject;
			sourceTree = "<group>";
		};
		A842AE451E23EF7900C9D317 /* Supporting Files */ = {
			isa = PBXGroup;
			children = (
				A842AE561E23EF7900C9D317 /* LaunchScreen.storyboard */,
				A842AE591E23EF7900C9D317 /* Info.plist */,
				A842AE461E23EF7900C9D317 /* main.m */,
			);
			name = "Supporting Files";
			sourceTree = "<group>";
		};
		A842AE641E23F07F00C9D317 /* ViewController */ = {
			isa = PBXGroup;
			children = (
				A842AE6D1E24256B00C9D317 /* RegisterVC.h */,
				A842AE6E1E24256B00C9D317 /* RegisterVC.m */,
				A842AE4B1E23EF7900C9D317 /* LoginVC.h */,
				A842AE4C1E23EF7900C9D317 /* LoginVC.m */,
				A8555FCF1E25427800761A43 /* BaseVC.h */,
				A8555FD01E25427800761A43 /* BaseVC.m */,
				A8555FD21E25434400761A43 /* SideMenuVC.h */,
				A8555FD31E25434400761A43 /* SideMenuVC.m */,
				A8555FE21E2556F100761A43 /* BanksVC.h */,
				A8555FE31E2556F100761A43 /* BanksVC.m */,
				A8B8619A1E2582A200AB7A38 /* OffersVC.h */,
				A8B8619B1E2582A200AB7A38 /* OffersVC.m */,
				A8B861AA1E25C5AF00AB7A38 /* QuickCalcVC.h */,
				A8B861AB1E25C5AF00AB7A38 /* QuickCalcVC.m */,
				A8B861B61E27044500AB7A38 /* CreateDepositVC.h */,
				A8B861B71E27044500AB7A38 /* CreateDepositVC.m */,
				A8F488031E30B62500048B64 /* MyDepositsVC.h */,
				A8F488041E30B62500048B64 /* MyDepositsVC.m */,
				A8F488061E30C14000048B64 /* DepositVC.h */,
				A8F488071E30C14000048B64 /* DepositVC.m */,
				A8F488F61E32CF5600048B64 /* BankDetailVC.h */,
				A8F488F71E32CF5600048B64 /* BankDetailVC.m */,
			);
			name = ViewController;
			sourceTree = "<group>";
		};
		A842AE651E23F09500C9D317 /* Helpers */ = {
			isa = PBXGroup;
			children = (
				A842AE481E23EF7900C9D317 /* AppDelegate.h */,
				A842AE491E23EF7900C9D317 /* AppDelegate.m */,
				A8F488351E32407800048B64 /* ServerManagerV2.h */,
				A8F488361E32407800048B64 /* ServerManagerV2.m */,
				A8B861A71E25ACDF00AB7A38 /* NSDictionary+ParseData.h */,
				A8B861A81E25ACDF00AB7A38 /* NSDictionary+ParseData.m */,
				A8B861B51E2619DF00AB7A38 /* MenuActionDelegate.h */,
				A8B861B91E2724AF00AB7A38 /* AlertController.h */,
				A8B861BA1E2724AF00AB7A38 /* AlertController.m */,
			);
			name = Helpers;
			sourceTree = "<group>";
		};
		A842AE661E23F13200C9D317 /* Model */ = {
			isa = PBXGroup;
			children = (
				A8F488E01E327D9200048B64 /* Offer+CoreDataClass.h */,
				A8F488E11E327D9200048B64 /* Offer+CoreDataClass.m */,
				A8F488E21E327D9200048B64 /* Offer+CoreDataProperties.h */,
				A8F488E31E327D9200048B64 /* Offer+CoreDataProperties.m */,
				A8F488E41E327D9200048B64 /* Account+CoreDataClass.h */,
				A8F488E51E327D9200048B64 /* Account+CoreDataClass.m */,
				A8F488E61E327D9200048B64 /* Account+CoreDataProperties.h */,
				A8F488E71E327D9200048B64 /* Account+CoreDataProperties.m */,
				A8F488E81E327D9200048B64 /* Bank+CoreDataClass.h */,
				A8F488E91E327D9200048B64 /* Bank+CoreDataClass.m */,
				A8F488EA1E327D9200048B64 /* Bank+CoreDataProperties.h */,
				A8F488EB1E327D9200048B64 /* Bank+CoreDataProperties.m */,
				A8F488DA1E327D6D00048B64 /* User+CoreDataClass.h */,
				A8F488DB1E327D6D00048B64 /* User+CoreDataClass.m */,
				A8F488DC1E327D6D00048B64 /* User+CoreDataProperties.h */,
				A8F488DD1E327D6D00048B64 /* User+CoreDataProperties.m */,
			);
			name = Model;
			sourceTree = "<group>";
		};
		A842AE6A1E23F83000C9D317 /* Frameworks */ = {
			isa = PBXGroup;
			children = (
				A842AE6B1E23F83000C9D317 /* WebKit.framework */,
				4FF0272F5974D744C69EDD7E /* libPods-AzureProject.a */,
			);
			name = Frameworks;
			sourceTree = "<group>";
		};
		A8555FD51E25491000761A43 /* LGSideMenuController */ = {
			isa = PBXGroup;
			children = (
				A8555FD61E25491000761A43 /* LGSideMenuController.h */,
				A8555FD71E25491000761A43 /* LGSideMenuController.m */,
				A8555FD81E25491000761A43 /* LGSideMenuControllerGesturesHandler.h */,
				A8555FD91E25491000761A43 /* LGSideMenuControllerGesturesHandler.m */,
				A8555FDA1E25491000761A43 /* LGSideMenuView.h */,
				A8555FDB1E25491000761A43 /* LGSideMenuView.m */,
				A8555FDC1E25491000761A43 /* UIViewController+LGSideMenuController.h */,
				A8555FDD1E25491000761A43 /* UIViewController+LGSideMenuController.m */,
			);
			name = LGSideMenuController;
			path = ../LGSideMenuController;
			sourceTree = "<group>";
		};
		A8B861961E2581EB00AB7A38 /* Lib */ = {
			isa = PBXGroup;
			children = (
				A8B861971E25820C00AB7A38 /* CustomCollectionViewLayout.h */,
				A8B861981E25820C00AB7A38 /* CustomCollectionViewLayout.m */,
				A8555FD51E25491000761A43 /* LGSideMenuController */,
				A842AE5F1E23EFAC00C9D317 /* MicrosoftAzureMobile.framework */,
			);
			name = Lib;
			sourceTree = "<group>";
		};
		A8B8619D1E2586A600AB7A38 /* View */ = {
			isa = PBXGroup;
			children = (
				A8B8619E1E2586DC00AB7A38 /* ContentCollectionViewCell.h */,
				A8B8619F1E2586DC00AB7A38 /* ContentCollectionViewCell.m */,
				A8B861A01E2586DC00AB7A38 /* ContentCollectionViewCell.xib */,
				A8B861B01E25E66200AB7A38 /* SmartView.h */,
				A8B861B11E25E66200AB7A38 /* SmartView.m */,
			);
			name = View;
			sourceTree = "<group>";
		};
/* End PBXGroup section */

/* Begin PBXNativeTarget section */
		A842AE411E23EF7900C9D317 /* AzureProject */ = {
			isa = PBXNativeTarget;
			buildConfigurationList = A842AE5C1E23EF7900C9D317 /* Build configuration list for PBXNativeTarget "AzureProject" */;
			buildPhases = (
				318EDB1CB28443717DDB80AE /* [CP] Check Pods Manifest.lock */,
				A842AE3E1E23EF7900C9D317 /* Sources */,
				A842AE3F1E23EF7900C9D317 /* Frameworks */,
				A842AE401E23EF7900C9D317 /* Resources */,
				4335D054280B4728F919BFE2 /* [CP] Embed Pods Frameworks */,
				F0CDCDD71536DC6F6A205450 /* [CP] Copy Pods Resources */,
			);
			buildRules = (
			);
			dependencies = (
			);
			name = AzureProject;
			productName = AzureProject;
			productReference = A842AE421E23EF7900C9D317 /* AzureProject.app */;
			productType = "com.apple.product-type.application";
		};
/* End PBXNativeTarget section */

/* Begin PBXProject section */
		A842AE3A1E23EF7900C9D317 /* Project object */ = {
			isa = PBXProject;
			attributes = {
				LastUpgradeCheck = 0820;
				ORGANIZATIONNAME = "Alex Golovaschenko";
				TargetAttributes = {
					A842AE411E23EF7900C9D317 = {
						CreatedOnToolsVersion = 8.1;
						DevelopmentTeam = 3M69Q4BX5B;
						ProvisioningStyle = Automatic;
					};
				};
			};
			buildConfigurationList = A842AE3D1E23EF7900C9D317 /* Build configuration list for PBXProject "AzureProject" */;
			compatibilityVersion = "Xcode 3.2";
			developmentRegion = English;
			hasScannedForEncodings = 0;
			knownRegions = (
				en,
				Base,
			);
			mainGroup = A842AE391E23EF7900C9D317;
			productRefGroup = A842AE431E23EF7900C9D317 /* Products */;
			projectDirPath = "";
			projectRoot = "";
			targets = (
				A842AE411E23EF7900C9D317 /* AzureProject */,
			);
		};
/* End PBXProject section */

/* Begin PBXResourcesBuildPhase section */
		A842AE401E23EF7900C9D317 /* Resources */ = {
			isa = PBXResourcesBuildPhase;
			buildActionMask = 2147483647;
			files = (
				A8B861A21E2586DC00AB7A38 /* ContentCollectionViewCell.xib in Resources */,
				A842AE581E23EF7900C9D317 /* LaunchScreen.storyboard in Resources */,
				A842AE551E23EF7900C9D317 /* Assets.xcassets in Resources */,
				A842AE501E23EF7900C9D317 /* Main.storyboard in Resources */,
			);
			runOnlyForDeploymentPostprocessing = 0;
		};
/* End PBXResourcesBuildPhase section */

/* Begin PBXShellScriptBuildPhase section */
		318EDB1CB28443717DDB80AE /* [CP] Check Pods Manifest.lock */ = {
			isa = PBXShellScriptBuildPhase;
			buildActionMask = 2147483647;
			files = (
			);
			inputPaths = (
			);
			name = "[CP] Check Pods Manifest.lock";
			outputPaths = (
			);
			runOnlyForDeploymentPostprocessing = 0;
			shellPath = /bin/sh;
			shellScript = "diff \"${PODS_ROOT}/../Podfile.lock\" \"${PODS_ROOT}/Manifest.lock\" > /dev/null\nif [ $? != 0 ] ; then\n    # print error to STDERR\n    echo \"error: The sandbox is not in sync with the Podfile.lock. Run 'pod install' or update your CocoaPods installation.\" >&2\n    exit 1\nfi\n";
			showEnvVarsInLog = 0;
		};
		4335D054280B4728F919BFE2 /* [CP] Embed Pods Frameworks */ = {
			isa = PBXShellScriptBuildPhase;
			buildActionMask = 2147483647;
			files = (
			);
			inputPaths = (
			);
			name = "[CP] Embed Pods Frameworks";
			outputPaths = (
			);
			runOnlyForDeploymentPostprocessing = 0;
			shellPath = /bin/sh;
			shellScript = "\"${SRCROOT}/Pods/Target Support Files/Pods-AzureProject/Pods-AzureProject-frameworks.sh\"\n";
			showEnvVarsInLog = 0;
		};
		F0CDCDD71536DC6F6A205450 /* [CP] Copy Pods Resources */ = {
			isa = PBXShellScriptBuildPhase;
			buildActionMask = 2147483647;
			files = (
			);
			inputPaths = (
			);
			name = "[CP] Copy Pods Resources";
			outputPaths = (
			);
			runOnlyForDeploymentPostprocessing = 0;
			shellPath = /bin/sh;
			shellScript = "\"${SRCROOT}/Pods/Target Support Files/Pods-AzureProject/Pods-AzureProject-resources.sh\"\n";
			showEnvVarsInLog = 0;
		};
/* End PBXShellScriptBuildPhase section */

/* Begin PBXSourcesBuildPhase section */
		A842AE3E1E23EF7900C9D317 /* Sources */ = {
			isa = PBXSourcesBuildPhase;
			buildActionMask = 2147483647;
			files = (
				A8F488F31E32A56F00048B64 /* Offer+CoreDataClass.m in Sources */,
				A8F488F41E32A56F00048B64 /* Account+CoreDataClass.m in Sources */,
				A8F488F51E32A56F00048B64 /* Bank+CoreDataClass.m in Sources */,
				A8F488F21E32A4AC00048B64 /* User+CoreDataClass.m in Sources */,
				A8B861BB1E2724AF00AB7A38 /* AlertController.m in Sources */,
				A8F488EF1E327D9200048B64 /* Account+CoreDataProperties.m in Sources */,
				A8B8619C1E2582A200AB7A38 /* OffersVC.m in Sources */,
				A8555FE41E2556F100761A43 /* BanksVC.m in Sources */,
				A8B861AC1E25C5AF00AB7A38 /* QuickCalcVC.m in Sources */,
				A8B861B21E25E66200AB7A38 /* SmartView.m in Sources */,
				A8B861B81E27044500AB7A38 /* CreateDepositVC.m in Sources */,
				A842AE4D1E23EF7900C9D317 /* LoginVC.m in Sources */,
				A8F488371E32407800048B64 /* ServerManagerV2.m in Sources */,
				A8F488F11E327D9200048B64 /* Bank+CoreDataProperties.m in Sources */,
				A8555FDF1E25491000761A43 /* LGSideMenuControllerGesturesHandler.m in Sources */,
				A8555FD41E25434400761A43 /* SideMenuVC.m in Sources */,
				A8555FD11E25427800761A43 /* BaseVC.m in Sources */,
				A8F488051E30B62500048B64 /* MyDepositsVC.m in Sources */,
				A8B861A11E2586DC00AB7A38 /* ContentCollectionViewCell.m in Sources */,
				A8B861991E25820C00AB7A38 /* CustomCollectionViewLayout.m in Sources */,
				A842AE6F1E24256B00C9D317 /* RegisterVC.m in Sources */,
				A8555FDE1E25491000761A43 /* LGSideMenuController.m in Sources */,
				A842AE4A1E23EF7900C9D317 /* AppDelegate.m in Sources */,
				A8F488ED1E327D9200048B64 /* Offer+CoreDataProperties.m in Sources */,
				A8F488DF1E327D6D00048B64 /* User+CoreDataProperties.m in Sources */,
				A8555FE11E25491000761A43 /* UIViewController+LGSideMenuController.m in Sources */,
				A842AE471E23EF7900C9D317 /* main.m in Sources */,
				A8F488F81E32CF5600048B64 /* BankDetailVC.m in Sources */,
				A8B861A91E25ACDF00AB7A38 /* NSDictionary+ParseData.m in Sources */,
				A8555FE01E25491000761A43 /* LGSideMenuView.m in Sources */,
				A8F488081E30C14000048B64 /* DepositVC.m in Sources */,
			);
			runOnlyForDeploymentPostprocessing = 0;
		};
/* End PBXSourcesBuildPhase section */

/* Begin PBXVariantGroup section */
		A842AE4E1E23EF7900C9D317 /* Main.storyboard */ = {
			isa = PBXVariantGroup;
			children = (
				A842AE4F1E23EF7900C9D317 /* Base */,
			);
			name = Main.storyboard;
			sourceTree = "<group>";
		};
		A842AE561E23EF7900C9D317 /* LaunchScreen.storyboard */ = {
			isa = PBXVariantGroup;
			children = (
				A842AE571E23EF7900C9D317 /* Base */,
			);
			name = LaunchScreen.storyboard;
			sourceTree = "<group>";
		};
/* End PBXVariantGroup section */

/* Begin XCBuildConfiguration section */
		A842AE5A1E23EF7900C9D317 /* Debug */ = {
			isa = XCBuildConfiguration;
			buildSettings = {
				ALWAYS_SEARCH_USER_PATHS = NO;
				CLANG_ANALYZER_NONNULL = YES;
				CLANG_CXX_LANGUAGE_STANDARD = "gnu++0x";
				CLANG_CXX_LIBRARY = "libc++";
				CLANG_ENABLE_MODULES = YES;
				CLANG_ENABLE_OBJC_ARC = YES;
				CLANG_WARN_BOOL_CONVERSION = YES;
				CLANG_WARN_CONSTANT_CONVERSION = YES;
				CLANG_WARN_DIRECT_OBJC_ISA_USAGE = YES_ERROR;
				CLANG_WARN_DOCUMENTATION_COMMENTS = YES;
				CLANG_WARN_EMPTY_BODY = YES;
				CLANG_WARN_ENUM_CONVERSION = YES;
				CLANG_WARN_INFINITE_RECURSION = YES;
				CLANG_WARN_INT_CONVERSION = YES;
				CLANG_WARN_OBJC_ROOT_CLASS = YES_ERROR;
				CLANG_WARN_SUSPICIOUS_MOVE = YES;
				CLANG_WARN_SUSPICIOUS_MOVES = YES;
				CLANG_WARN_UNREACHABLE_CODE = YES;
				CLANG_WARN__DUPLICATE_METHOD_MATCH = YES;
				"CODE_SIGN_IDENTITY[sdk=iphoneos*]" = "iPhone Developer";
				COPY_PHASE_STRIP = NO;
				DEBUG_INFORMATION_FORMAT = dwarf;
				ENABLE_STRICT_OBJC_MSGSEND = YES;
				ENABLE_TESTABILITY = YES;
				GCC_C_LANGUAGE_STANDARD = gnu99;
				GCC_DYNAMIC_NO_PIC = NO;
				GCC_NO_COMMON_BLOCKS = YES;
				GCC_OPTIMIZATION_LEVEL = 0;
				GCC_PREPROCESSOR_DEFINITIONS = (
					"DEBUG=1",
					"$(inherited)",
				);
				GCC_WARN_64_TO_32_BIT_CONVERSION = YES;
				GCC_WARN_ABOUT_RETURN_TYPE = YES_ERROR;
				GCC_WARN_UNDECLARED_SELECTOR = YES;
				GCC_WARN_UNINITIALIZED_AUTOS = YES_AGGRESSIVE;
				GCC_WARN_UNUSED_FUNCTION = YES;
				GCC_WARN_UNUSED_VARIABLE = YES;
				IPHONEOS_DEPLOYMENT_TARGET = 10.1;
				MTL_ENABLE_DEBUG_INFO = YES;
				ONLY_ACTIVE_ARCH = YES;
				SDKROOT = iphoneos;
				TARGETED_DEVICE_FAMILY = "1,2";
			};
			name = Debug;
		};
		A842AE5B1E23EF7900C9D317 /* Release */ = {
			isa = XCBuildConfiguration;
			buildSettings = {
				ALWAYS_SEARCH_USER_PATHS = NO;
				CLANG_ANALYZER_NONNULL = YES;
				CLANG_CXX_LANGUAGE_STANDARD = "gnu++0x";
				CLANG_CXX_LIBRARY = "libc++";
				CLANG_ENABLE_MODULES = YES;
				CLANG_ENABLE_OBJC_ARC = YES;
				CLANG_WARN_BOOL_CONVERSION = YES;
				CLANG_WARN_CONSTANT_CONVERSION = YES;
				CLANG_WARN_DIRECT_OBJC_ISA_USAGE = YES_ERROR;
				CLANG_WARN_DOCUMENTATION_COMMENTS = YES;
				CLANG_WARN_EMPTY_BODY = YES;
				CLANG_WARN_ENUM_CONVERSION = YES;
				CLANG_WARN_INFINITE_RECURSION = YES;
				CLANG_WARN_INT_CONVERSION = YES;
				CLANG_WARN_OBJC_ROOT_CLASS = YES_ERROR;
				CLANG_WARN_SUSPICIOUS_MOVE = YES;
				CLANG_WARN_SUSPICIOUS_MOVES = YES;
				CLANG_WARN_UNREACHABLE_CODE = YES;
				CLANG_WARN__DUPLICATE_METHOD_MATCH = YES;
				"CODE_SIGN_IDENTITY[sdk=iphoneos*]" = "iPhone Developer";
				COPY_PHASE_STRIP = NO;
				DEBUG_INFORMATION_FORMAT = "dwarf-with-dsym";
				ENABLE_NS_ASSERTIONS = NO;
				ENABLE_STRICT_OBJC_MSGSEND = YES;
				GCC_C_LANGUAGE_STANDARD = gnu99;
				GCC_NO_COMMON_BLOCKS = YES;
				GCC_WARN_64_TO_32_BIT_CONVERSION = YES;
				GCC_WARN_ABOUT_RETURN_TYPE = YES_ERROR;
				GCC_WARN_UNDECLARED_SELECTOR = YES;
				GCC_WARN_UNINITIALIZED_AUTOS = YES_AGGRESSIVE;
				GCC_WARN_UNUSED_FUNCTION = YES;
				GCC_WARN_UNUSED_VARIABLE = YES;
				IPHONEOS_DEPLOYMENT_TARGET = 10.1;
				MTL_ENABLE_DEBUG_INFO = NO;
				SDKROOT = iphoneos;
				TARGETED_DEVICE_FAMILY = "1,2";
				VALIDATE_PRODUCT = YES;
			};
			name = Release;
		};
		A842AE5D1E23EF7900C9D317 /* Debug */ = {
			isa = XCBuildConfiguration;
			baseConfigurationReference = 3A7E54BF9F370932730CF193 /* Pods-AzureProject.debug.xcconfig */;
			buildSettings = {
				ASSETCATALOG_COMPILER_APPICON_NAME = AppIcon;
				DEVELOPMENT_TEAM = 3M69Q4BX5B;
				FRAMEWORK_SEARCH_PATHS = (
					"$(inherited)",
					"$(PROJECT_DIR)/AzureProject",
				);
				INFOPLIST_FILE = AzureProject/Info.plist;
				IPHONEOS_DEPLOYMENT_TARGET = 9.0;
				LD_RUNPATH_SEARCH_PATHS = "$(inherited) @executable_path/Frameworks";
				PRODUCT_BUNDLE_IDENTIFIER = by.Alex.AzureProject;
				PRODUCT_NAME = "$(TARGET_NAME)";
			};
			name = Debug;
		};
		A842AE5E1E23EF7900C9D317 /* Release */ = {
			isa = XCBuildConfiguration;
			baseConfigurationReference = 4AE5987F6D9CE4E3F4E3CCF4 /* Pods-AzureProject.release.xcconfig */;
			buildSettings = {
				ASSETCATALOG_COMPILER_APPICON_NAME = AppIcon;
				DEVELOPMENT_TEAM = 3M69Q4BX5B;
				FRAMEWORK_SEARCH_PATHS = (
					"$(inherited)",
					"$(PROJECT_DIR)/AzureProject",
				);
				INFOPLIST_FILE = AzureProject/Info.plist;
				IPHONEOS_DEPLOYMENT_TARGET = 9.0;
				LD_RUNPATH_SEARCH_PATHS = "$(inherited) @executable_path/Frameworks";
				PRODUCT_BUNDLE_IDENTIFIER = by.Alex.AzureProject;
				PRODUCT_NAME = "$(TARGET_NAME)";
			};
			name = Release;
		};
/* End XCBuildConfiguration section */

/* Begin XCConfigurationList section */
		A842AE3D1E23EF7900C9D317 /* Build configuration list for PBXProject "AzureProject" */ = {
			isa = XCConfigurationList;
			buildConfigurations = (
				A842AE5A1E23EF7900C9D317 /* Debug */,
				A842AE5B1E23EF7900C9D317 /* Release */,
			);
			defaultConfigurationIsVisible = 0;
			defaultConfigurationName = Release;
		};
		A842AE5C1E23EF7900C9D317 /* Build configuration list for PBXNativeTarget "AzureProject" */ = {
			isa = XCConfigurationList;
			buildConfigurations = (
				A842AE5D1E23EF7900C9D317 /* Debug */,
				A842AE5E1E23EF7900C9D317 /* Release */,
			);
			defaultConfigurationIsVisible = 0;
			defaultConfigurationName = Release;
		};
/* End XCConfigurationList section */

/* Begin XCVersionGroup section */
		A842AE511E23EF7900C9D317 /* AzureProject.xcdatamodeld */ = {
			isa = XCVersionGroup;
			children = (
				A842AE521E23EF7900C9D317 /* AzureProject.xcdatamodel */,
			);
			currentVersion = A842AE521E23EF7900C9D317 /* AzureProject.xcdatamodel */;
			path = AzureProject.xcdatamodeld;
			sourceTree = "<group>";
			versionGroupType = wrapper.xcdatamodel;
		};
/* End XCVersionGroup section */
	};
	rootObject = A842AE3A1E23EF7900C9D317 /* Project object */;
}
